{
  "name": "open-borders",
  "version": "0.0.8",
  "lockfileVersion": 1,
  "requires": true,
  "dependencies": {
    "trans-render": {
      "version": "0.0.369",
      "resolved": "https://registry.npmjs.org/trans-render/-/trans-render-0.0.369.tgz",
      "integrity": "sha512-1kFojh+RVqn0v2V/v1STHUvVfnPHrWsn0dglmheMIB+gZ6fHc91UXdvla4w9/gTVSRpa0H9ihT5RG3ZjI4njRQ=="
    },
    "xtal-element": {
      "version": "0.0.439",
      "resolved": "https://registry.npmjs.org/xtal-element/-/xtal-element-0.0.439.tgz",
      "integrity": "sha512-TwFZ+MAsCwwFoI24HCEkNKE9BlYVLDhlT0cgL8F5Gbr8+A6j+MLIPtDxpAsYEzFZ14WaGOlq3v+DSFgbchtuYw==",
      "requires": {
        "trans-render": "0.0.369"
      }
    },
    "xtal-shell": {
      "version": "0.0.25",
      "resolved": "https://registry.npmjs.org/xtal-shell/-/xtal-shell-0.0.25.tgz",
      "integrity": "sha512-KzNsdEPQ5Qonsz5OwLJailVJYOIXhDgYBce/Vt3zCrv4MlmcCTIs8EQ7r+8ZVFJ+LXts09yrLSyo1Yhf7IzP7Q=="
    },
    "xtal-test": {
      "version": "0.0.57",
      "resolved": "https://registry.npmjs.org/xtal-test/-/xtal-test-0.0.57.tgz",
      "integrity": "sha512-DcU64VhNUsSSuDYsEPFrIOJjsve7Z/tyRa+QLQ6ioEta+ZpnLJGgi6n/WAtz/EXKWAjxfvxtsvkVnqOgGznOAA==",
      "dev": true
    }
  }
}
